// !$*UTF8*$!
{
	archiveVersion = 1;
	classes = {
	};
	objectVersion = 77;
	objects = {

/* Begin PBXContainerItemProxy section */
		9F8551A92CC4EE8500441D48 /* PBXContainerItemProxy */ = {
			isa = PBXContainerItemProxy;
			containerPortal = 9F8551872CC4EE8300441D48 /* Project object */;
			proxyType = 1;
			remoteGlobalIDString = 9F85518E2CC4EE8300441D48;
			remoteInfo = MultiplayerCatGame;
		};
		9F8551B32CC4EE8500441D48 /* PBXContainerItemProxy */ = {
			isa = PBXContainerItemProxy;
			containerPortal = 9F8551872CC4EE8300441D48 /* Project object */;
			proxyType = 1;
			remoteGlobalIDString = 9F85518E2CC4EE8300441D48;
			remoteInfo = MultiplayerCatGame;
		};
/* End PBXContainerItemProxy section */

/* Begin PBXFileReference section */
		9F85518F2CC4EE8300441D48 /* MultiplayerCatGame.app */ = {isa = PBXFileReference; explicitFileType = wrapper.application; includeInIndex = 0; path = MultiplayerCatGame.app; sourceTree = BUILT_PRODUCTS_DIR; };
		9F8551A82CC4EE8500441D48 /* MultiplayerCatGameTests.xctest */ = {isa = PBXFileReference; explicitFileType = wrapper.cfbundle; includeInIndex = 0; path = MultiplayerCatGameTests.xctest; sourceTree = BUILT_PRODUCTS_DIR; };
		9F8551B22CC4EE8500441D48 /* MultiplayerCatGameUITests.xctest */ = {isa = PBXFileReference; explicitFileType = wrapper.cfbundle; includeInIndex = 0; path = MultiplayerCatGameUITests.xctest; sourceTree = BUILT_PRODUCTS_DIR; };
/* End PBXFileReference section */

/* Begin PBXFileSystemSynchronizedBuildFileExceptionSet section */
		9F8551BA2CC4EE8500441D48 /* Exceptions for "MultiplayerCatGame" folder in "MultiplayerCatGame" target */ = {
			isa = PBXFileSystemSynchronizedBuildFileExceptionSet;
			membershipExceptions = (
				Info.plist,
			);
			target = 9F85518E2CC4EE8300441D48 /* MultiplayerCatGame */;
		};
/* End PBXFileSystemSynchronizedBuildFileExceptionSet section */

/* Begin PBXFileSystemSynchronizedRootGroup section */
		9F8551912CC4EE8300441D48 /* MultiplayerCatGame */ = {
			isa = PBXFileSystemSynchronizedRootGroup;
			exceptions = (
				9F8551BA2CC4EE8500441D48 /* Exceptions for "MultiplayerCatGame" folder in "MultiplayerCatGame" target */,
			);
			path = MultiplayerCatGame;
			sourceTree = "<group>";
		};
		9F8551AB2CC4EE8500441D48 /* MultiplayerCatGameTests */ = {
			isa = PBXFileSystemSynchronizedRootGroup;
			path = MultiplayerCatGameTests;
			sourceTree = "<group>";
		};
		9F8551B52CC4EE8500441D48 /* MultiplayerCatGameUITests */ = {
			isa = PBXFileSystemSynchronizedRootGroup;
			path = MultiplayerCatGameUITests;
			sourceTree = "<group>";
		};
/* End PBXFileSystemSynchronizedRootGroup section */

/* Begin PBXFrameworksBuildPhase section */
		9F85518C2CC4EE8300441D48 /* Frameworks */ = {
			isa = PBXFrameworksBuildPhase;
			buildActionMask = 2147483647;
			files = (
			);
			runOnlyForDeploymentPostprocessing = 0;
		};
		9F8551A52CC4EE8500441D48 /* Frameworks */ = {
			isa = PBXFrameworksBuildPhase;
			buildActionMask = 2147483647;
			files = (
			);
			runOnlyForDeploymentPostprocessing = 0;
		};
		9F8551AF2CC4EE8500441D48 /* Frameworks */ = {
			isa = PBXFrameworksBuildPhase;
			buildActionMask = 2147483647;
			files = (
			);
			runOnlyForDeploymentPostprocessing = 0;
		};
/* End PBXFrameworksBuildPhase section */

/* Begin PBXGroup section */
		9F8551862CC4EE8300441D48 = {
			isa = PBXGroup;
			children = (
				9F8551912CC4EE8300441D48 /* MultiplayerCatGame */,
				9F8551AB2CC4EE8500441D48 /* MultiplayerCatGameTests */,
				9F8551B52CC4EE8500441D48 /* MultiplayerCatGameUITests */,
				9F8551902CC4EE8300441D48 /* Products */,
			);
			sourceTree = "<group>";
		};
		9F8551902CC4EE8300441D48 /* Products */ = {
			isa = PBXGroup;
			children = (
				9F85518F2CC4EE8300441D48 /* MultiplayerCatGame.app */,
				9F8551A82CC4EE8500441D48 /* MultiplayerCatGameTests.xctest */,
				9F8551B22CC4EE8500441D48 /* MultiplayerCatGameUITests.xctest */,
			);
			name = Products;
			sourceTree = "<group>";
		};
/* End PBXGroup section */

/* Begin PBXNativeTarget section */
		9F85518E2CC4EE8300441D48 /* MultiplayerCatGame */ = {
			isa = PBXNativeTarget;
			buildConfigurationList = 9F8551BB2CC4EE8500441D48 /* Build configuration list for PBXNativeTarget "MultiplayerCatGame" */;
			buildPhases = (
				9F85518B2CC4EE8300441D48 /* Sources */,
				9F85518C2CC4EE8300441D48 /* Frameworks */,
				9F85518D2CC4EE8300441D48 /* Resources */,
			);
			buildRules = (
			);
			dependencies = (
			);
			fileSystemSynchronizedGroups = (
				9F8551912CC4EE8300441D48 /* MultiplayerCatGame */,
			);
			name = MultiplayerCatGame;
			packageProductDependencies = (
			);
			productName = MultiplayerCatGame;
			productReference = 9F85518F2CC4EE8300441D48 /* MultiplayerCatGame.app */;
			productType = "com.apple.product-type.application";
		};
		9F8551A72CC4EE8500441D48 /* MultiplayerCatGameTests */ = {
			isa = PBXNativeTarget;
			buildConfigurationList = 9F8551C02CC4EE8500441D48 /* Build configuration list for PBXNativeTarget "MultiplayerCatGameTests" */;
			buildPhases = (
				9F8551A42CC4EE8500441D48 /* Sources */,
				9F8551A52CC4EE8500441D48 /* Frameworks */,
				9F8551A62CC4EE8500441D48 /* Resources */,
			);
			buildRules = (
			);
			dependencies = (
				9F8551AA2CC4EE8500441D48 /* PBXTargetDependency */,
			);
			fileSystemSynchronizedGroups = (
				9F8551AB2CC4EE8500441D48 /* MultiplayerCatGameTests */,
			);
			name = MultiplayerCatGameTests;
			packageProductDependencies = (
			);
			productName = MultiplayerCatGameTests;
			productReference = 9F8551A82CC4EE8500441D48 /* MultiplayerCatGameTests.xctest */;
			productType = "com.apple.product-type.bundle.unit-test";
		};
		9F8551B12CC4EE8500441D48 /* MultiplayerCatGameUITests */ = {
			isa = PBXNativeTarget;
			buildConfigurationList = 9F8551C32CC4EE8500441D48 /* Build configuration list for PBXNativeTarget "MultiplayerCatGameUITests" */;
			buildPhases = (
				9F8551AE2CC4EE8500441D48 /* Sources */,
				9F8551AF2CC4EE8500441D48 /* Frameworks */,
				9F8551B02CC4EE8500441D48 /* Resources */,
			);
			buildRules = (
			);
			dependencies = (
				9F8551B42CC4EE8500441D48 /* PBXTargetDependency */,
			);
			fileSystemSynchronizedGroups = (
				9F8551B52CC4EE8500441D48 /* MultiplayerCatGameUITests */,
			);
			name = MultiplayerCatGameUITests;
			packageProductDependencies = (
			);
			productName = MultiplayerCatGameUITests;
			productReference = 9F8551B22CC4EE8500441D48 /* MultiplayerCatGameUITests.xctest */;
			productType = "com.apple.product-type.bundle.ui-testing";
		};
/* End PBXNativeTarget section */

/* Begin PBXProject section */
		9F8551872CC4EE8300441D48 /* Project object */ = {
			isa = PBXProject;
			attributes = {
				BuildIndependentTargetsInParallel = 1;
				LastSwiftUpdateCheck = 1600;
				LastUpgradeCheck = 1600;
				TargetAttributes = {
					9F85518E2CC4EE8300441D48 = {
						CreatedOnToolsVersion = 16.0;
					};
					9F8551A72CC4EE8500441D48 = {
						CreatedOnToolsVersion = 16.0;
						TestTargetID = 9F85518E2CC4EE8300441D48;
					};
					9F8551B12CC4EE8500441D48 = {
						CreatedOnToolsVersion = 16.0;
						TestTargetID = 9F85518E2CC4EE8300441D48;
					};
				};
			};
			buildConfigurationList = 9F85518A2CC4EE8300441D48 /* Build configuration list for PBXProject "MultiplayerCatGame" */;
			developmentRegion = en;
			hasScannedForEncodings = 0;
			knownRegions = (
				en,
				Base,
			);
			mainGroup = 9F8551862CC4EE8300441D48;
			minimizedProjectReferenceProxies = 1;
			preferredProjectObjectVersion = 77;
			productRefGroup = 9F8551902CC4EE8300441D48 /* Products */;
			projectDirPath = "";
			projectRoot = "";
			targets = (
				9F85518E2CC4EE8300441D48 /* MultiplayerCatGame */,
				9F8551A72CC4EE8500441D48 /* MultiplayerCatGameTests */,
				9F8551B12CC4EE8500441D48 /* MultiplayerCatGameUITests */,
			);
		};
/* End PBXProject section */

/* Begin PBXResourcesBuildPhase section */
		9F85518D2CC4EE8300441D48 /* Resources */ = {
			isa = PBXResourcesBuildPhase;
			buildActionMask = 2147483647;
			files = (
			);
			runOnlyForDeploymentPostprocessing = 0;
		};
		9F8551A62CC4EE8500441D48 /* Resources */ = {
			isa = PBXResourcesBuildPhase;
			buildActionMask = 2147483647;
			files = (
			);
			runOnlyForDeploymentPostprocessing = 0;
		};
		9F8551B02CC4EE8500441D48 /* Resources */ = {
			isa = PBXResourcesBuildPhase;
			buildActionMask = 2147483647;
			files = (
			);
			runOnlyForDeploymentPostprocessing = 0;
		};
/* End PBXResourcesBuildPhase section */

/* Begin PBXSourcesBuildPhase section */
		9F85518B2CC4EE8300441D48 /* Sources */ = {
			isa = PBXSourcesBuildPhase;
			buildActionMask = 2147483647;
			files = (
			);
			runOnlyForDeploymentPostprocessing = 0;
		};
		9F8551A42CC4EE8500441D48 /* Sources */ = {
			isa = PBXSourcesBuildPhase;
			buildActionMask = 2147483647;
			files = (
			);
			runOnlyForDeploymentPostprocessing = 0;
		};
		9F8551AE2CC4EE8500441D48 /* Sources */ = {
			isa = PBXSourcesBuildPhase;
			buildActionMask = 2147483647;
			files = (
			);
			runOnlyForDeploymentPostprocessing = 0;
		};
/* End PBXSourcesBuildPhase section */

/* Begin PBXTargetDependency section */
		9F8551AA2CC4EE8500441D48 /* PBXTargetDependency */ = {
			isa = PBXTargetDependency;
			target = 9F85518E2CC4EE8300441D48 /* MultiplayerCatGame */;
			targetProxy = 9F8551A92CC4EE8500441D48 /* PBXContainerItemProxy */;
		};
		9F8551B42CC4EE8500441D48 /* PBXTargetDependency */ = {
			isa = PBXTargetDependency;
			target = 9F85518E2CC4EE8300441D48 /* MultiplayerCatGame */;
			targetProxy = 9F8551B32CC4EE8500441D48 /* PBXContainerItemProxy */;
		};
/* End PBXTargetDependency section */

/* Begin XCBuildConfiguration section */
		9F8551BC2CC4EE8500441D48 /* Debug */ = {
			isa = XCBuildConfiguration;
			buildSettings = {
				ASSETCATALOG_COMPILER_APPICON_NAME = AppIcon;
				ASSETCATALOG_COMPILER_GLOBAL_ACCENT_COLOR_NAME = AccentColor;
				CODE_SIGN_STYLE = Automatic;
				CURRENT_PROJECT_VERSION = 1;
				GENERATE_INFOPLIST_FILE = YES;
				INFOPLIST_FILE = MultiplayerCatGame/Info.plist;
				INFOPLIST_KEY_UIApplicationSupportsIndirectInputEvents = YES;
				INFOPLIST_KEY_UILaunchStoryboardName = LaunchScreen;
				INFOPLIST_KEY_UIMainStoryboardFile = Main;
				INFOPLIST_KEY_UISupportedInterfaceOrientations_iPad = "UIInterfaceOrientationPortrait UIInterfaceOrientationPortraitUpsideDown UIInterfaceOrientationLandscapeLeft UIInterfaceOrientationLandscapeRight";
				INFOPLIST_KEY_UISupportedInterfaceOrientations_iPhone = "UIInterfaceOrientationPortrait UIInterfaceOrientationLandscapeLeft UIInterfaceOrientationLandscapeRight";
				LD_RUNPATH_SEARCH_PATHS = (
					"$(inherited)",
					"@executable_path/Frameworks",
				);
				MARKETING_VERSION = 1.0;
				PRODUCT_BUNDLE_IDENTIFIER = SDEuropean.MultiplayerCatGame;
				PRODUCT_NAME = "$(TARGET_NAME)";
				SWIFT_EMIT_LOC_STRINGS = YES;
				SWIFT_VERSION = 5.0;
				TARGETED_DEVICE_FAMILY = "1,2";
			};
			name = Debug;
		};
		9F8551BD2CC4EE8500441D48 /* Release */ = {
			isa = XCBuildConfiguration;
			buildSettings = {
				ASSETCATALOG_COMPILER_APPICON_NAME = AppIcon;
				ASSETCATALOG_COMPILER_GLOBAL_ACCENT_COLOR_NAME = AccentColor;
				CODE_SIGN_STYLE = Automatic;
				CURRENT_PROJECT_VERSION = 1;
				GENERATE_INFOPLIST_FILE = YES;
				INFOPLIST_FILE = MultiplayerCatGame/Info.plist;
				INFOPLIST_KEY_UIApplicationSupportsIndirectInputEvents = YES;
				INFOPLIST_KEY_UILaunchStoryboardName = LaunchScreen;
				INFOPLIST_KEY_UIMainStoryboardFile = Main;
				INFOPLIST_KEY_UISupportedInterfaceOrientations_iPad = "UIInterfaceOrientationPortrait UIInterfaceOrientationPortraitUpsideDown UIInterfaceOrientationLandscapeLeft UIInterfaceOrientationLandscapeRight";
				INFOPLIST_KEY_UISupportedInterfaceOrientations_iPhone = "UIInterfaceOrientationPortrait UIInterfaceOrientationLandscapeLeft UIInterfaceOrientationLandscapeRight";
				LD_RUNPATH_SEARCH_PATHS = (
					"$(inherited)",
					"@executable_path/Frameworks",
				);
				MARKETING_VERSION = 1.0;
				PRODUCT_BUNDLE_IDENTIFIER = SDEuropean.MultiplayerCatGame;
				PRODUCT_NAME = "$(TARGET_NAME)";
				SWIFT_EMIT_LOC_STRINGS = YES;
				SWIFT_VERSION = 5.0;
				TARGETED_DEVICE_FAMILY = "1,2";
			};
			name = Release;
		};
		9F8551BE2CC4EE8500441D48 /* Debug */ = {
			isa = XCBuildConfiguration;
			buildSettings = {
				ALWAYS_SEARCH_USER_PATHS = NO;
				ASSETCATALOG_COMPILER_GENERATE_SWIFT_ASSET_SYMBOL_EXTENSIONS = YES;
				CLANG_ANALYZER_NONNULL = YES;
				CLANG_ANALYZER_NUMBER_OBJECT_CONVERSION = YES_AGGRESSIVE;
				CLANG_CXX_LANGUAGE_STANDARD = "gnu++20";
				CLANG_ENABLE_MODULES = YES;
				CLANG_ENABLE_OBJC_ARC = YES;
				CLANG_ENABLE_OBJC_WEAK = YES;
				CLANG_WARN_BLOCK_CAPTURE_AUTORELEASING = YES;
				CLANG_WARN_BOOL_CONVERSION = YES;
				CLANG_WARN_COMMA = YES;
				CLANG_WARN_CONSTANT_CONVERSION = YES;
				CLANG_WARN_DEPRECATED_OBJC_IMPLEMENTATIONS = YES;
				CLANG_WARN_DIRECT_OBJC_ISA_USAGE = YES_ERROR;
				CLANG_WARN_DOCUMENTATION_COMMENTS = YES;
				CLANG_WARN_EMPTY_BODY = YES;
				CLANG_WARN_ENUM_CONVERSION = YES;
				CLANG_WARN_INFINITE_RECURSION = YES;
				CLANG_WARN_INT_CONVERSION = YES;
				CLANG_WARN_NON_LITERAL_NULL_CONVERSION = YES;
				CLANG_WARN_OBJC_IMPLICIT_RETAIN_SELF = YES;
				CLANG_WARN_OBJC_LITERAL_CONVERSION = YES;
				CLANG_WARN_OBJC_ROOT_CLASS = YES_ERROR;
				CLANG_WARN_QUOTED_INCLUDE_IN_FRAMEWORK_HEADER = YES;
				CLANG_WARN_RANGE_LOOP_ANALYSIS = YES;
				CLANG_WARN_STRICT_PROTOTYPES = YES;
				CLANG_WARN_SUSPICIOUS_MOVE = YES;
				CLANG_WARN_UNGUARDED_AVAILABILITY = YES_AGGRESSIVE;
				CLANG_WARN_UNREACHABLE_CODE = YES;
				CLANG_WARN__DUPLICATE_METHOD_MATCH = YES;
				COPY_PHASE_STRIP = NO;
				DEBUG_INFORMATION_FORMAT = dwarf;
				ENABLE_STRICT_OBJC_MSGSEND = YES;
				ENABLE_TESTABILITY = YES;
				ENABLE_USER_SCRIPT_SANDBOXING = YES;
				GCC_C_LANGUAGE_STANDARD = gnu17;
				GCC_DYNAMIC_NO_PIC = NO;
				GCC_NO_COMMON_BLOCKS = YES;
				GCC_OPTIMIZATION_LEVEL = 0;
				GCC_PREPROCESSOR_DEFINITIONS = (
					"DEBUG=1",
					"$(inherited)",
				);
				GCC_WARN_64_TO_32_BIT_CONVERSION = YES;
				GCC_WARN_ABOUT_RETURN_TYPE = YES_ERROR;
				GCC_WARN_UNDECLARED_SELECTOR = YES;
				GCC_WARN_UNINITIALIZED_AUTOS = YES_AGGRESSIVE;
				GCC_WARN_UNUSED_FUNCTION = YES;
				GCC_WARN_UNUSED_VARIABLE = YES;
				IPHONEOS_DEPLOYMENT_TARGET = 18.0;
				LOCALIZATION_PREFERS_STRING_CATALOGS = YES;
				MTL_ENABLE_DEBUG_INFO = INCLUDE_SOURCE;
				MTL_FAST_MATH = YES;
				ONLY_ACTIVE_ARCH = YES;
				SDKROOT = iphoneos;
				SWIFT_ACTIVE_COMPILATION_CONDITIONS = "DEBUG $(inherited)";
				SWIFT_OPTIMIZATION_LEVEL = "-Onone";
			};
			name = Debug;
		};
		9F8551BF2CC4EE8500441D48 /* Release */ = {
			isa = XCBuildConfiguration;
			buildSettings = {
				ALWAYS_SEARCH_USER_PATHS = NO;
				ASSETCATALOG_COMPILER_GENERATE_SWIFT_ASSET_SYMBOL_EXTENSIONS = YES;
				CLANG_ANALYZER_NONNULL = YES;
				CLANG_ANALYZER_NUMBER_OBJECT_CONVERSION = YES_AGGRESSIVE;
				CLANG_CXX_LANGUAGE_STANDARD = "gnu++20";
				CLANG_ENABLE_MODULES = YES;
				CLANG_ENABLE_OBJC_ARC = YES;
				CLANG_ENABLE_OBJC_WEAK = YES;
				CLANG_WARN_BLOCK_CAPTURE_AUTORELEASING = YES;
				CLANG_WARN_BOOL_CONVERSION = YES;
				CLANG_WARN_COMMA = YES;
				CLANG_WARN_CONSTANT_CONVERSION = YES;
				CLANG_WARN_DEPRECATED_OBJC_IMPLEMENTATIONS = YES;
				CLANG_WARN_DIRECT_OBJC_ISA_USAGE = YES_ERROR;
				CLANG_WARN_DOCUMENTATION_COMMENTS = YES;
				CLANG_WARN_EMPTY_BODY = YES;
				CLANG_WARN_ENUM_CONVERSION = YES;
				CLANG_WARN_INFINITE_RECURSION = YES;
				CLANG_WARN_INT_CONVERSION = YES;
				CLANG_WARN_NON_LITERAL_NULL_CONVERSION = YES;
				CLANG_WARN_OBJC_IMPLICIT_RETAIN_SELF = YES;
				CLANG_WARN_OBJC_LITERAL_CONVERSION = YES;
				CLANG_WARN_OBJC_ROOT_CLASS = YES_ERROR;
				CLANG_WARN_QUOTED_INCLUDE_IN_FRAMEWORK_HEADER = YES;
				CLANG_WARN_RANGE_LOOP_ANALYSIS = YES;
				CLANG_WARN_STRICT_PROTOTYPES = YES;
				CLANG_WARN_SUSPICIOUS_MOVE = YES;
				CLANG_WARN_UNGUARDED_AVAILABILITY = YES_AGGRESSIVE;
				CLANG_WARN_UNREACHABLE_CODE = YES;
				CLANG_WARN__DUPLICATE_METHOD_MATCH = YES;
				COPY_PHASE_STRIP = NO;
				DEBUG_INFORMATION_FORMAT = "dwarf-with-dsym";
				ENABLE_NS_ASSERTIONS = NO;
				ENABLE_STRICT_OBJC_MSGSEND = YES;
				ENABLE_USER_SCRIPT_SANDBOXING = YES;
				GCC_C_LANGUAGE_STANDARD = gnu17;
				GCC_NO_COMMON_BLOCKS = YES;
				GCC_WARN_64_TO_32_BIT_CONVERSION = YES;
				GCC_WARN_ABOUT_RETURN_TYPE = YES_ERROR;
				GCC_WARN_UNDECLARED_SELECTOR = YES;
				GCC_WARN_UNINITIALIZED_AUTOS = YES_AGGRESSIVE;
				GCC_WARN_UNUSED_FUNCTION = YES;
				GCC_WARN_UNUSED_VARIABLE = YES;
				IPHONEOS_DEPLOYMENT_TARGET = 18.0;
				LOCALIZATION_PREFERS_STRING_CATALOGS = YES;
				MTL_ENABLE_DEBUG_INFO = NO;
				MTL_FAST_MATH = YES;
				SDKROOT = iphoneos;
				SWIFT_COMPILATION_MODE = wholemodule;
				VALIDATE_PRODUCT = YES;
			};
			name = Release;
		};
		9F8551C12CC4EE8500441D48 /* Debug */ = {
			isa = XCBuildConfiguration;
			buildSettings = {
				BUNDLE_LOADER = "$(TEST_HOST)";
				CODE_SIGN_STYLE = Automatic;
				CURRENT_PROJECT_VERSION = 1;
				GENERATE_INFOPLIST_FILE = YES;
				IPHONEOS_DEPLOYMENT_TARGET = 18.0;
				MARKETING_VERSION = 1.0;
				PRODUCT_BUNDLE_IDENTIFIER = SDEuropean.MultiplayerCatGameTests;
				PRODUCT_NAME = "$(TARGET_NAME)";
				SWIFT_EMIT_LOC_STRINGS = NO;
				SWIFT_VERSION = 5.0;
				TARGETED_DEVICE_FAMILY = "1,2";
				TEST_HOST = "$(BUILT_PRODUCTS_DIR)/MultiplayerCatGame.app/$(BUNDLE_EXECUTABLE_FOLDER_PATH)/MultiplayerCatGame";
			};
			name = Debug;
		};
		9F8551C22CC4EE8500441D48 /* Release */ = {
			isa = XCBuildConfiguration;
			buildSettings = {
				BUNDLE_LOADER = "$(TEST_HOST)";
				CODE_SIGN_STYLE = Automatic;
				CURRENT_PROJECT_VERSION = 1;
				GENERATE_INFOPLIST_FILE = YES;
				IPHONEOS_DEPLOYMENT_TARGET = 18.0;
				MARKETING_VERSION = 1.0;
				PRODUCT_BUNDLE_IDENTIFIER = SDEuropean.MultiplayerCatGameTests;
				PRODUCT_NAME = "$(TARGET_NAME)";
				SWIFT_EMIT_LOC_STRINGS = NO;
				SWIFT_VERSION = 5.0;
				TARGETED_DEVICE_FAMILY = "1,2";
				TEST_HOST = "$(BUILT_PRODUCTS_DIR)/MultiplayerCatGame.app/$(BUNDLE_EXECUTABLE_FOLDER_PATH)/MultiplayerCatGame";
			};
			name = Release;
		};
		9F8551C42CC4EE8500441D48 /* Debug */ = {
			isa = XCBuildConfiguration;
			buildSettings = {
				CODE_SIGN_STYLE = Automatic;
				CURRENT_PROJECT_VERSION = 1;
				GENERATE_INFOPLIST_FILE = YES;
				MARKETING_VERSION = 1.0;
				PRODUCT_BUNDLE_IDENTIFIER = SDEuropean.MultiplayerCatGameUITests;
				PRODUCT_NAME = "$(TARGET_NAME)";
				SWIFT_EMIT_LOC_STRINGS = NO;
				SWIFT_VERSION = 5.0;
				TARGETED_DEVICE_FAMILY = "1,2";
				TEST_TARGET_NAME = MultiplayerCatGame;
			};
			name = Debug;
		};
		9F8551C52CC4EE8500441D48 /* Release */ = {
			isa = XCBuildConfiguration;
			buildSettings = {
				CODE_SIGN_STYLE = Automatic;
				CURRENT_PROJECT_VERSION = 1;
				GENERATE_INFOPLIST_FILE = YES;
				MARKETING_VERSION = 1.0;
				PRODUCT_BUNDLE_IDENTIFIER = SDEuropean.MultiplayerCatGameUITests;
				PRODUCT_NAME = "$(TARGET_NAME)";
				SWIFT_EMIT_LOC_STRINGS = NO;
				SWIFT_VERSION = 5.0;
				TARGETED_DEVICE_FAMILY = "1,2";
				TEST_TARGET_NAME = MultiplayerCatGame;
			};
			name = Release;
		};
/* End XCBuildConfiguration section */

/* Begin XCConfigurationList section */
		9F85518A2CC4EE8300441D48 /* Build configuration list for PBXProject "MultiplayerCatGame" */ = {
			isa = XCConfigurationList;
			buildConfigurations = (
				9F8551BE2CC4EE8500441D48 /* Debug */,
				9F8551BF2CC4EE8500441D48 /* Release */,
			);
			defaultConfigurationIsVisible = 0;
			defaultConfigurationName = Release;
		};
		9F8551BB2CC4EE8500441D48 /* Build configuration list for PBXNativeTarget "MultiplayerCatGame" */ = {
			isa = XCConfigurationList;
			buildConfigurations = (
				9F8551BC2CC4EE8500441D48 /* Debug */,
				9F8551BD2CC4EE8500441D48 /* Release */,
			);
			defaultConfigurationIsVisible = 0;
			defaultConfigurationName = Release;
		};
		9F8551C02CC4EE8500441D48 /* Build configuration list for PBXNativeTarget "MultiplayerCatGameTests" */ = {
			isa = XCConfigurationList;
			buildConfigurations = (
				9F8551C12CC4EE8500441D48 /* Debug */,
				9F8551C22CC4EE8500441D48 /* Release */,
			);
			defaultConfigurationIsVisible = 0;
			defaultConfigurationName = Release;
		};
		9F8551C32CC4EE8500441D48 /* Build configuration list for PBXNativeTarget "MultiplayerCatGameUITests" */ = {
			isa = XCConfigurationList;
			buildConfigurations = (
				9F8551C42CC4EE8500441D48 /* Debug */,
				9F8551C52CC4EE8500441D48 /* Release */,
			);
			defaultConfigurationIsVisible = 0;
			defaultConfigurationName = Release;
		};
/* End XCConfigurationList section */
	};
	rootObject = 9F8551872CC4EE8300441D48 /* Project object */;
}
